
Microsoft Visual Studio Solution File, Format Version 12.00
# Visual Studio Version 17
VisualStudioVersion = 17.7.34031.279
MinimumVisualStudioVersion = 10.0.40219.1
Project("{9A19103F-16F7-4668-BE54-9A1E7A4F7556}") = "CinemaApplication.Server", "CinemaApplication\Server\CinemaApplication.Server.csproj", "{1762FA0A-596B-4CDF-B985-C18796ECF197}"
EndProject
Project("{9A19103F-16F7-4668-BE54-9A1E7A4F7556}") = "CinemaApplication.Client", "CinemaApplication\Client\CinemaApplication.Client.csproj", "{BFFCBB6B-248C-41B9-B44A-08C68C3C0462}"
EndProject
Project("{9A19103F-16F7-4668-BE54-9A1E7A4F7556}") = "CinemaApplication.Shared", "CinemaApplication\Shared\CinemaApplication.Shared.csproj", "{472399AA-1CC6-4F2B-9BE8-EFD4828F911B}"
EndProject
Global
	GlobalSection(SolutionConfigurationPlatforms) = preSolution
		Debug|Any CPU = Debug|Any CPU
		Release|Any CPU = Release|Any CPU
	EndGlobalSection
	GlobalSection(ProjectConfigurationPlatforms) = postSolution
		{1762FA0A-596B-4CDF-B985-C18796ECF197}.Debug|Any CPU.ActiveCfg = Debug|Any CPU
		{1762FA0A-596B-4CDF-B985-C18796ECF197}.Debug|Any CPU.Build.0 = Debug|Any CPU
		{1762FA0A-596B-4CDF-B985-C18796ECF197}.Release|Any CPU.ActiveCfg = Release|Any CPU
		{1762FA0A-596B-4CDF-B985-C18796ECF197}.Release|Any CPU.Build.0 = Release|Any CPU
		{BFFCBB6B-248C-41B9-B44A-08C68C3C0462}.Debug|Any CPU.ActiveCfg = Debug|Any CPU
		{BFFCBB6B-248C-41B9-B44A-08C68C3C0462}.Debug|Any CPU.Build.0 = Debug|Any CPU
		{BFFCBB6B-248C-41B9-B44A-08C68C3C0462}.Release|Any CPU.ActiveCfg = Release|Any CPU
		{BFFCBB6B-248C-41B9-B44A-08C68C3C0462}.Release|Any CPU.Build.0 = Release|Any CPU
		{472399AA-1CC6-4F2B-9BE8-EFD4828F911B}.Debug|Any CPU.ActiveCfg = Debug|Any CPU
		{472399AA-1CC6-4F2B-9BE8-EFD4828F911B}.Debug|Any CPU.Build.0 = Debug|Any CPU
		{472399AA-1CC6-4F2B-9BE8-EFD4828F911B}.Release|Any CPU.ActiveCfg = Release|Any CPU
		{472399AA-1CC6-4F2B-9BE8-EFD4828F911B}.Release|Any CPU.Build.0 = Release|Any CPU
	EndGlobalSection
	GlobalSection(SolutionProperties) = preSolution
		HideSolutionNode = FALSE
	EndGlobalSection
	GlobalSection(ExtensibilityGlobals) = postSolution
		SolutionGuid = {4B1734B6-EBFE-4F6D-A109-727FC32B9952}
	EndGlobalSection
EndGlobal
